{
  "nodes": {
    "devshell": {
      "inputs": {
        "flake-utils": [
          "fup",
          "flake-utils"
        ],
        "nixpkgs": [
          "nixpkgs"
        ]
      },
      "locked": {
        "lastModified": 1654858401,
        "narHash": "sha256-53bw34DtVJ2bnF6WEwy6Tym+qY0pNEiEwARUlvmTZjs=",
        "owner": "numtide",
        "repo": "devshell",
        "rev": "f55e05c6d3bbe9acc7363bc8fc739518b2f02976",
        "type": "github"
      },
      "original": {
        "owner": "numtide",
        "repo": "devshell",
        "type": "github"
      }
    },
    "fenix": {
      "inputs": {
        "nixpkgs": [
          "nixpkgs"
        ],
        "rust-analyzer-src": "rust-analyzer-src"
      },
      "locked": {
        "lastModified": 1655533500,
        "narHash": "sha256-qJJmLVoMYfDLywI9MNL7sb0W/GsKQF9HDatdHm1tSl0=",
        "owner": "nix-community",
        "repo": "fenix",
        "rev": "b6630603af13df17d0dd4df8629e9a24e6ba0fbd",
        "type": "github"
      },
      "original": {
        "owner": "nix-community",
        "repo": "fenix",
        "type": "github"
      }
    },
    "flake-utils": {
      "locked": {
        "lastModified": 1644229661,
        "narHash": "sha256-1YdnJAsNy69bpcjuoKdOYQX0YxZBiCYZo4Twxerqv7k=",
        "owner": "numtide",
        "repo": "flake-utils",
        "rev": "3cecb5b042f7f209c56ffd8371b2711a290ec797",
        "type": "github"
      },
      "original": {
        "owner": "numtide",
        "repo": "flake-utils",
        "type": "github"
      }
    },
    "fup": {
      "inputs": {
        "flake-utils": "flake-utils"
      },
      "locked": {
        "lastModified": 1652704544,
        "narHash": "sha256-UTKE33tYgCmDszaVyWA33a8mtegM5xfH4fH8w4y6TxA=",
        "owner": "gytis-ivaskevicius",
        "repo": "flake-utils-plus",
        "rev": "f8d6d1f87b6177e3bc674c29f247bdbf897ba274",
        "type": "github"
      },
      "original": {
        "owner": "gytis-ivaskevicius",
        "repo": "flake-utils-plus",
        "type": "github"
      }
    },
    "nixpkgs": {
      "locked": {
        "lastModified": 1655581628,
        "narHash": "sha256-G2otonYqycaLh7J+8UvOmN792JRR3ntwN17nU+HdzDA=",
        "owner": "nixos",
        "repo": "nixpkgs",
        "rev": "3c0f4b900f3f0cefc2805c966aba6240ffc99e2f",
        "type": "github"
      },
      "original": {
        "owner": "nixos",
        "repo": "nixpkgs",
        "type": "github"
      }
    },
    "root": {
      "inputs": {
        "devshell": "devshell",
        "fenix": "fenix",
        "fup": "fup",
        "nixpkgs": "nixpkgs"
      }
    },
    "rust-analyzer-src": {
      "flake": false,
      "locked": {
        "lastModified": 1655507737,
        "narHash": "sha256-o+AqNsjL6o2RHh4InZHQVpkmqg570YFJL4Db8mKq+fs=",
        "owner": "rust-lang",
        "repo": "rust-analyzer",
        "rev": "12dd81092e37df28b7a3591cae9675e668927198",
        "type": "github"
      },
      "original": {
        "owner": "rust-lang",
        "ref": "nightly",
        "repo": "rust-analyzer",
        "type": "github"
      }
    }
  },
  "root": "root",
  "version": 7
}
